
Microsoft Visual Studio Solution File, Format Version 12.00
# Visual Studio Version 17
VisualStudioVersion = 17.1.32228.430
MinimumVisualStudioVersion = 10.0.40219.1
Project("{FAE04EC0-301F-11D3-BF4B-00C04F79EFBC}") = "DAL.Tests", "DAL.Tests\DAL.Tests.csproj", "{60D1A547-D5E0-40AA-B869-C11508DB5F55}"
EndProject
Global
	GlobalSection(SolutionConfigurationPlatforms) = preSolution
		Debug|Any CPU = Debug|Any CPU
		Release|Any CPU = Release|Any CPU
	EndGlobalSection
	GlobalSection(ProjectConfigurationPlatforms) = postSolution
		{60D1A547-D5E0-40AA-B869-C11508DB5F55}.Debug|Any CPU.ActiveCfg = Debug|Any CPU
		{60D1A547-D5E0-40AA-B869-C11508DB5F55}.Debug|Any CPU.Build.0 = Debug|Any CPU
		{60D1A547-D5E0-40AA-B869-C11508DB5F55}.Release|Any CPU.ActiveCfg = Release|Any CPU
		{60D1A547-D5E0-40AA-B869-C11508DB5F55}.Release|Any CPU.Build.0 = Release|Any CPU
	EndGlobalSection
	GlobalSection(SolutionProperties) = preSolution
		HideSolutionNode = FALSE
	EndGlobalSection
	GlobalSection(ExtensibilityGlobals) = postSolution
		SolutionGuid = {C15986BA-B150-496B-894F-78EB52261433}
	EndGlobalSection
EndGlobal
